// !$*UTF8*$!
{
	archiveVersion = 1;
	classes = {
	};
	objectVersion = 55;
	objects = {

/* Begin PBXBuildFile section */
		D3026D6129C2AB1300690E9A /* AppDelegate.swift in Sources */ = {isa = PBXBuildFile; fileRef = D3026D6029C2AB1300690E9A /* AppDelegate.swift */; };
		D3026D6329C2AB1300690E9A /* SceneDelegate.swift in Sources */ = {isa = PBXBuildFile; fileRef = D3026D6229C2AB1300690E9A /* SceneDelegate.swift */; };
		D3026D6529C2AB1300690E9A /* ViewController.swift in Sources */ = {isa = PBXBuildFile; fileRef = D3026D6429C2AB1300690E9A /* ViewController.swift */; };
		D3026D6829C2AB1300690E9A /* Main.storyboard in Resources */ = {isa = PBXBuildFile; fileRef = D3026D6629C2AB1300690E9A /* Main.storyboard */; };
		D3026D6B29C2AB1300690E9A /* apicalling.xcdatamodeld in Sources */ = {isa = PBXBuildFile; fileRef = D3026D6929C2AB1300690E9A /* apicalling.xcdatamodeld */; };
		D3026D6D29C2AB1400690E9A /* Assets.xcassets in Resources */ = {isa = PBXBuildFile; fileRef = D3026D6C29C2AB1400690E9A /* Assets.xcassets */; };
		D3026D7029C2AB1400690E9A /* LaunchScreen.storyboard in Resources */ = {isa = PBXBuildFile; fileRef = D3026D6E29C2AB1400690E9A /* LaunchScreen.storyboard */; };
		D388874F47CE2D23004D59E5 /* TableViewCell.swift in Sources */ = {isa = PBXBuildFile; fileRef = D388874E47CE2D23004D59E5 /* TableViewCell.swift */; };
		D3B52A2729CA7D6300DB28CC /* Alamofire in Frameworks */ = {isa = PBXBuildFile; productRef = D3B52A2629CA7D6300DB28CC /* Alamofire */; };
/* End PBXBuildFile section */

/* Begin PBXFileReference section */
		D3026D5D29C2AB1300690E9A /* apicalling.app */ = {isa = PBXFileReference; explicitFileType = wrapper.application; includeInIndex = 0; path = apicalling.app; sourceTree = BUILT_PRODUCTS_DIR; };
		D3026D6029C2AB1300690E9A /* AppDelegate.swift */ = {isa = PBXFileReference; lastKnownFileType = sourcecode.swift; path = AppDelegate.swift; sourceTree = "<group>"; };
		D3026D6229C2AB1300690E9A /* SceneDelegate.swift */ = {isa = PBXFileReference; lastKnownFileType = sourcecode.swift; path = SceneDelegate.swift; sourceTree = "<group>"; };
		D3026D6429C2AB1300690E9A /* ViewController.swift */ = {isa = PBXFileReference; lastKnownFileType = sourcecode.swift; path = ViewController.swift; sourceTree = "<group>"; };
		D3026D6729C2AB1300690E9A /* Base */ = {isa = PBXFileReference; lastKnownFileType = file.storyboard; name = Base; path = Base.lproj/Main.storyboard; sourceTree = "<group>"; };
		D3026D6A29C2AB1300690E9A /* apicalling.xcdatamodel */ = {isa = PBXFileReference; lastKnownFileType = wrapper.xcdatamodel; path = apicalling.xcdatamodel; sourceTree = "<group>"; };
		D3026D6C29C2AB1400690E9A /* Assets.xcassets */ = {isa = PBXFileReference; lastKnownFileType = folder.assetcatalog; path = Assets.xcassets; sourceTree = "<group>"; };
		D3026D6F29C2AB1400690E9A /* Base */ = {isa = PBXFileReference; lastKnownFileType = file.storyboard; name = Base; path = Base.lproj/LaunchScreen.storyboard; sourceTree = "<group>"; };
		D3026D7129C2AB1400690E9A /* Info.plist */ = {isa = PBXFileReference; lastKnownFileType = text.plist.xml; path = Info.plist; sourceTree = "<group>"; };
		D388874E47CE2D23004D59E5 /* TableViewCell.swift */ = {isa = PBXFileReference; lastKnownFileType = sourcecode.swift; path = TableViewCell.swift; sourceTree = "<group>"; };
/* End PBXFileReference section */

/* Begin PBXFrameworksBuildPhase section */
		D3026D5A29C2AB1300690E9A /* Frameworks */ = {
			isa = PBXFrameworksBuildPhase;
			buildActionMask = 2147483647;
			files = (
				D3B52A2729CA7D6300DB28CC /* Alamofire in Frameworks */,
			);
			runOnlyForDeploymentPostprocessing = 0;
		};
/* End PBXFrameworksBuildPhase section */

/* Begin PBXGroup section */
		D3026D5429C2AB1300690E9A = {
			isa = PBXGroup;
			children = (
				D3026D5F29C2AB1300690E9A /* apicalling */,
				D3026D5E29C2AB1300690E9A /* Products */,
			);
			sourceTree = "<group>";
		};
		D3026D5E29C2AB1300690E9A /* Products */ = {
			isa = PBXGroup;
			children = (
				D3026D5D29C2AB1300690E9A /* apicalling.app */,
			);
			name = Products;
			sourceTree = "<group>";
		};
		D3026D5F29C2AB1300690E9A /* apicalling */ = {
			isa = PBXGroup;
			children = (
				D3026D6029C2AB1300690E9A /* AppDelegate.swift */,
				D3026D6229C2AB1300690E9A /* SceneDelegate.swift */,
				D3026D6429C2AB1300690E9A /* ViewController.swift */,
				D388874E47CE2D23004D59E5 /* TableViewCell.swift */,
				D3026D6629C2AB1300690E9A /* Main.storyboard */,
				D3026D6C29C2AB1400690E9A /* Assets.xcassets */,
				D3026D6E29C2AB1400690E9A /* LaunchScreen.storyboard */,
				D3026D7129C2AB1400690E9A /* Info.plist */,
				D3026D6929C2AB1300690E9A /* apicalling.xcdatamodeld */,
			);
			path = apicalling;
			sourceTree = "<group>";
		};
/* End PBXGroup section */

/* Begin PBXNativeTarget section */
		D3026D5C29C2AB1300690E9A /* apicalling */ = {
			isa = PBXNativeTarget;
			buildConfigurationList = D3026D7429C2AB1400690E9A /* Build configuration list for PBXNativeTarget "apicalling" */;
			buildPhases = (
				D3026D5929C2AB1300690E9A /* Sources */,
				D3026D5A29C2AB1300690E9A /* Frameworks */,
				D3026D5B29C2AB1300690E9A /* Resources */,
			);
			buildRules = (
			);
			dependencies = (
			);
			name = apicalling;
			packageProductDependencies = (
				D3B52A2629CA7D6300DB28CC /* Alamofire */,
			);
			productName = apicalling;
			productReference = D3026D5D29C2AB1300690E9A /* apicalling.app */;
			productType = "com.apple.product-type.application";
		};
/* End PBXNativeTarget section */

/* Begin PBXProject section */
		D3026D5529C2AB1300690E9A /* Project object */ = {
			isa = PBXProject;
			attributes = {
				BuildIndependentTargetsInParallel = 1;
				LastSwiftUpdateCheck = 1300;
				LastUpgradeCheck = 1300;
				TargetAttributes = {
					D3026D5C29C2AB1300690E9A = {
						CreatedOnToolsVersion = 13.0;
					};
				};
			};
			buildConfigurationList = D3026D5829C2AB1300690E9A /* Build configuration list for PBXProject "apicalling" */;
			compatibilityVersion = "Xcode 13.0";
			developmentRegion = en;
			hasScannedForEncodings = 0;
			knownRegions = (
				en,
				Base,
			);
			mainGroup = D3026D5429C2AB1300690E9A;
			packageReferences = (
				D3B52A2529CA7D6300DB28CC /* XCRemoteSwiftPackageReference "Alamofire" */,
			);
			productRefGroup = D3026D5E29C2AB1300690E9A /* Products */;
			projectDirPath = "";
			projectRoot = "";
			targets = (
				D3026D5C29C2AB1300690E9A /* apicalling */,
			);
		};
/* End PBXProject section */

/* Begin PBXResourcesBuildPhase section */
		D3026D5B29C2AB1300690E9A /* Resources */ = {
			isa = PBXResourcesBuildPhase;
			buildActionMask = 2147483647;
			files = (
				D3026D7029C2AB1400690E9A /* LaunchScreen.storyboard in Resources */,
				D3026D6D29C2AB1400690E9A /* Assets.xcassets in Resources */,
				D3026D6829C2AB1300690E9A /* Main.storyboard in Resources */,
			);
			runOnlyForDeploymentPostprocessing = 0;
		};
/* End PBXResourcesBuildPhase section */

/* Begin PBXSourcesBuildPhase section */
		D3026D5929C2AB1300690E9A /* Sources */ = {
			isa = PBXSourcesBuildPhase;
			buildActionMask = 2147483647;
			files = (
				D388874F47CE2D23004D59E5 /* TableViewCell.swift in Sources */,
				D3026D6529C2AB1300690E9A /* ViewController.swift in Sources */,
				D3026D6129C2AB1300690E9A /* AppDelegate.swift in Sources */,
				D3026D6329C2AB1300690E9A /* SceneDelegate.swift in Sources */,
				D3026D6B29C2AB1300690E9A /* apicalling.xcdatamodeld in Sources */,
			);
			runOnlyForDeploymentPostprocessing = 0;
		};
/* End PBXSourcesBuildPhase section */

/* Begin PBXVariantGroup section */
		D3026D6629C2AB1300690E9A /* Main.storyboard */ = {
			isa = PBXVariantGroup;
			children = (
				D3026D6729C2AB1300690E9A /* Base */,
			);
			name = Main.storyboard;
			sourceTree = "<group>";
		};
		D3026D6E29C2AB1400690E9A /* LaunchScreen.storyboard */ = {
			isa = PBXVariantGroup;
			children = (
				D3026D6F29C2AB1400690E9A /* Base */,
			);
			name = LaunchScreen.storyboard;
			sourceTree = "<group>";
		};
/* End PBXVariantGroup section */

/* Begin XCBuildConfiguration section */
		D3026D7229C2AB1400690E9A /* Debug */ = {
			isa = XCBuildConfiguration;
			buildSettings = {
				ALWAYS_SEARCH_USER_PATHS = NO;
				CLANG_ANALYZER_NONNULL = YES;
				CLANG_ANALYZER_NUMBER_OBJECT_CONVERSION = YES_AGGRESSIVE;
				CLANG_CXX_LANGUAGE_STANDARD = "gnu++17";
				CLANG_CXX_LIBRARY = "libc++";
				CLANG_ENABLE_MODULES = YES;
				CLANG_ENABLE_OBJC_ARC = YES;
				CLANG_ENABLE_OBJC_WEAK = YES;
				CLANG_WARN_BLOCK_CAPTURE_AUTORELEASING = YES;
				CLANG_WARN_BOOL_CONVERSION = YES;
				CLANG_WARN_COMMA = YES;
				CLANG_WARN_CONSTANT_CONVERSION = YES;
				CLANG_WARN_DEPRECATED_OBJC_IMPLEMENTATIONS = YES;
				CLANG_WARN_DIRECT_OBJC_ISA_USAGE = YES_ERROR;
				CLANG_WARN_DOCUMENTATION_COMMENTS = YES;
				CLANG_WARN_EMPTY_BODY = YES;
				CLANG_WARN_ENUM_CONVERSION = YES;
				CLANG_WARN_INFINITE_RECURSION = YES;
				CLANG_WARN_INT_CONVERSION = YES;
				CLANG_WARN_NON_LITERAL_NULL_CONVERSION = YES;
				CLANG_WARN_OBJC_IMPLICIT_RETAIN_SELF = YES;
				CLANG_WARN_OBJC_LITERAL_CONVERSION = YES;
				CLANG_WARN_OBJC_ROOT_CLASS = YES_ERROR;
				CLANG_WARN_QUOTED_INCLUDE_IN_FRAMEWORK_HEADER = YES;
				CLANG_WARN_RANGE_LOOP_ANALYSIS = YES;
				CLANG_WARN_STRICT_PROTOTYPES = YES;
				CLANG_WARN_SUSPICIOUS_MOVE = YES;
				CLANG_WARN_UNGUARDED_AVAILABILITY = YES_AGGRESSIVE;
				CLANG_WARN_UNREACHABLE_CODE = YES;
				CLANG_WARN__DUPLICATE_METHOD_MATCH = YES;
				COPY_PHASE_STRIP = NO;
				DEBUG_INFORMATION_FORMAT = dwarf;
				ENABLE_STRICT_OBJC_MSGSEND = YES;
				ENABLE_TESTABILITY = YES;
				GCC_C_LANGUAGE_STANDARD = gnu11;
				GCC_DYNAMIC_NO_PIC = NO;
				GCC_NO_COMMON_BLOCKS = YES;
				GCC_OPTIMIZATION_LEVEL = 0;
				GCC_PREPROCESSOR_DEFINITIONS = (
					"DEBUG=1",
					"$(inherited)",
				);
				GCC_WARN_64_TO_32_BIT_CONVERSION = YES;
				GCC_WARN_ABOUT_RETURN_TYPE = YES_ERROR;
				GCC_WARN_UNDECLARED_SELECTOR = YES;
				GCC_WARN_UNINITIALIZED_AUTOS = YES_AGGRESSIVE;
				GCC_WARN_UNUSED_FUNCTION = YES;
				GCC_WARN_UNUSED_VARIABLE = YES;
				IPHONEOS_DEPLOYMENT_TARGET = 15.0;
				MTL_ENABLE_DEBUG_INFO = INCLUDE_SOURCE;
				MTL_FAST_MATH = YES;
				ONLY_ACTIVE_ARCH = YES;
				SDKROOT = iphoneos;
				SWIFT_ACTIVE_COMPILATION_CONDITIONS = DEBUG;
				SWIFT_OPTIMIZATION_LEVEL = "-Onone";
			};
			name = Debug;
		};
		D3026D7329C2AB1400690E9A /* Release */ = {
			isa = XCBuildConfiguration;
			buildSettings = {
				ALWAYS_SEARCH_USER_PATHS = NO;
				CLANG_ANALYZER_NONNULL = YES;
				CLANG_ANALYZER_NUMBER_OBJECT_CONVERSION = YES_AGGRESSIVE;
				CLANG_CXX_LANGUAGE_STANDARD = "gnu++17";
				CLANG_CXX_LIBRARY = "libc++";
				CLANG_ENABLE_MODULES = YES;
				CLANG_ENABLE_OBJC_ARC = YES;
				CLANG_ENABLE_OBJC_WEAK = YES;
				CLANG_WARN_BLOCK_CAPTURE_AUTORELEASING = YES;
				CLANG_WARN_BOOL_CONVERSION = YES;
				CLANG_WARN_COMMA = YES;
				CLANG_WARN_CONSTANT_CONVERSION = YES;
				CLANG_WARN_DEPRECATED_OBJC_IMPLEMENTATIONS = YES;
				CLANG_WARN_DIRECT_OBJC_ISA_USAGE = YES_ERROR;
				CLANG_WARN_DOCUMENTATION_COMMENTS = YES;
				CLANG_WARN_EMPTY_BODY = YES;
				CLANG_WARN_ENUM_CONVERSION = YES;
				CLANG_WARN_INFINITE_RECURSION = YES;
				CLANG_WARN_INT_CONVERSION = YES;
				CLANG_WARN_NON_LITERAL_NULL_CONVERSION = YES;
				CLANG_WARN_OBJC_IMPLICIT_RETAIN_SELF = YES;
				CLANG_WARN_OBJC_LITERAL_CONVERSION = YES;
				CLANG_WARN_OBJC_ROOT_CLASS = YES_ERROR;
				CLANG_WARN_QUOTED_INCLUDE_IN_FRAMEWORK_HEADER = YES;
				CLANG_WARN_RANGE_LOOP_ANALYSIS = YES;
				CLANG_WARN_STRICT_PROTOTYPES = YES;
				CLANG_WARN_SUSPICIOUS_MOVE = YES;
				CLANG_WARN_UNGUARDED_AVAILABILITY = YES_AGGRESSIVE;
				CLANG_WARN_UNREACHABLE_CODE = YES;
				CLANG_WARN__DUPLICATE_METHOD_MATCH = YES;
				COPY_PHASE_STRIP = NO;
				DEBUG_INFORMATION_FORMAT = "dwarf-with-dsym";
				ENABLE_NS_ASSERTIONS = NO;
				ENABLE_STRICT_OBJC_MSGSEND = YES;
				GCC_C_LANGUAGE_STANDARD = gnu11;
				GCC_NO_COMMON_BLOCKS = YES;
				GCC_WARN_64_TO_32_BIT_CONVERSION = YES;
				GCC_WARN_ABOUT_RETURN_TYPE = YES_ERROR;
				GCC_WARN_UNDECLARED_SELECTOR = YES;
				GCC_WARN_UNINITIALIZED_AUTOS = YES_AGGRESSIVE;
				GCC_WARN_UNUSED_FUNCTION = YES;
				GCC_WARN_UNUSED_VARIABLE = YES;
				IPHONEOS_DEPLOYMENT_TARGET = 15.0;
				MTL_ENABLE_DEBUG_INFO = NO;
				MTL_FAST_MATH = YES;
				SDKROOT = iphoneos;
				SWIFT_COMPILATION_MODE = wholemodule;
				SWIFT_OPTIMIZATION_LEVEL = "-O";
				VALIDATE_PRODUCT = YES;
			};
			name = Release;
		};
		D3026D7529C2AB1400690E9A /* Debug */ = {
			isa = XCBuildConfiguration;
			buildSettings = {
				ASSETCATALOG_COMPILER_APPICON_NAME = AppIcon;
				ASSETCATALOG_COMPILER_GLOBAL_ACCENT_COLOR_NAME = AccentColor;
				CODE_SIGN_STYLE = Automatic;
				CURRENT_PROJECT_VERSION = 1;
				GENERATE_INFOPLIST_FILE = YES;
				INFOPLIST_FILE = apicalling/Info.plist;
				INFOPLIST_KEY_UIApplicationSupportsIndirectInputEvents = YES;
				INFOPLIST_KEY_UILaunchStoryboardName = LaunchScreen;
				INFOPLIST_KEY_UIMainStoryboardFile = Main;
				INFOPLIST_KEY_UISupportedInterfaceOrientations_iPad = "UIInterfaceOrientationPortrait UIInterfaceOrientationPortraitUpsideDown UIInterfaceOrientationLandscapeLeft UIInterfaceOrientationLandscapeRight";
				INFOPLIST_KEY_UISupportedInterfaceOrientations_iPhone = "UIInterfaceOrientationPortrait UIInterfaceOrientationLandscapeLeft UIInterfaceOrientationLandscapeRight";
				LD_RUNPATH_SEARCH_PATHS = (
					"$(inherited)",
					"@executable_path/Frameworks",
				);
				MARKETING_VERSION = 1.0;
				PRODUCT_BUNDLE_IDENTIFIER = api.apicalling;
				PRODUCT_NAME = "$(TARGET_NAME)";
				SWIFT_EMIT_LOC_STRINGS = YES;
				SWIFT_VERSION = 5.0;
				TARGETED_DEVICE_FAMILY = "1,2";
			};
			name = Debug;
		};
		D3026D7629C2AB1400690E9A /* Release */ = {
			isa = XCBuildConfiguration;
			buildSettings = {
				ASSETCATALOG_COMPILER_APPICON_NAME = AppIcon;
				ASSETCATALOG_COMPILER_GLOBAL_ACCENT_COLOR_NAME = AccentColor;
				CODE_SIGN_STYLE = Automatic;
				CURRENT_PROJECT_VERSION = 1;
				GENERATE_INFOPLIST_FILE = YES;
				INFOPLIST_FILE = apicalling/Info.plist;
				INFOPLIST_KEY_UIApplicationSupportsIndirectInputEvents = YES;
				INFOPLIST_KEY_UILaunchStoryboardName = LaunchScreen;
				INFOPLIST_KEY_UIMainStoryboardFile = Main;
				INFOPLIST_KEY_UISupportedInterfaceOrientations_iPad = "UIInterfaceOrientationPortrait UIInterfaceOrientationPortraitUpsideDown UIInterfaceOrientationLandscapeLeft UIInterfaceOrientationLandscapeRight";
				INFOPLIST_KEY_UISupportedInterfaceOrientations_iPhone = "UIInterfaceOrientationPortrait UIInterfaceOrientationLandscapeLeft UIInterfaceOrientationLandscapeRight";
				LD_RUNPATH_SEARCH_PATHS = (
					"$(inherited)",
					"@executable_path/Frameworks",
				);
				MARKETING_VERSION = 1.0;
				PRODUCT_BUNDLE_IDENTIFIER = api.apicalling;
				PRODUCT_NAME = "$(TARGET_NAME)";
				SWIFT_EMIT_LOC_STRINGS = YES;
				SWIFT_VERSION = 5.0;
				TARGETED_DEVICE_FAMILY = "1,2";
			};
			name = Release;
		};
/* End XCBuildConfiguration section */

/* Begin XCConfigurationList section */
		D3026D5829C2AB1300690E9A /* Build configuration list for PBXProject "apicalling" */ = {
			isa = XCConfigurationList;
			buildConfigurations = (
				D3026D7229C2AB1400690E9A /* Debug */,
				D3026D7329C2AB1400690E9A /* Release */,
			);
			defaultConfigurationIsVisible = 0;
			defaultConfigurationName = Release;
		};
		D3026D7429C2AB1400690E9A /* Build configuration list for PBXNativeTarget "apicalling" */ = {
			isa = XCConfigurationList;
			buildConfigurations = (
				D3026D7529C2AB1400690E9A /* Debug */,
				D3026D7629C2AB1400690E9A /* Release */,
			);
			defaultConfigurationIsVisible = 0;
			defaultConfigurationName = Release;
		};
/* End XCConfigurationList section */

/* Begin XCRemoteSwiftPackageReference section */
		D3B52A2529CA7D6300DB28CC /* XCRemoteSwiftPackageReference "Alamofire" */ = {
			isa = XCRemoteSwiftPackageReference;
			repositoryURL = "https://github.com/Alamofire/Alamofire.git";
			requirement = {
				branch = master;
				kind = branch;
			};
		};
/* End XCRemoteSwiftPackageReference section */

/* Begin XCSwiftPackageProductDependency section */
		D3B52A2629CA7D6300DB28CC /* Alamofire */ = {
			isa = XCSwiftPackageProductDependency;
			package = D3B52A2529CA7D6300DB28CC /* XCRemoteSwiftPackageReference "Alamofire" */;
			productName = Alamofire;
		};
/* End XCSwiftPackageProductDependency section */

/* Begin XCVersionGroup section */
		D3026D6929C2AB1300690E9A /* apicalling.xcdatamodeld */ = {
			isa = XCVersionGroup;
			children = (
				D3026D6A29C2AB1300690E9A /* apicalling.xcdatamodel */,
			);
			currentVersion = D3026D6A29C2AB1300690E9A /* apicalling.xcdatamodel */;
			path = apicalling.xcdatamodeld;
			sourceTree = "<group>";
			versionGroupType = wrapper.xcdatamodel;
		};
/* End XCVersionGroup section */
	};
	rootObject = D3026D5529C2AB1300690E9A /* Project object */;
}
